
Microsoft Visual Studio Solution File, Format Version 12.00
# Visual Studio 2013
VisualStudioVersion = 12.0.31101.0
MinimumVisualStudioVersion = 10.0.40219.1
Project("{FAE04EC0-301F-11D3-BF4B-00C04F79EFBC}") = "Web", "Web\Web.csproj", "{A9D298A5-A171-4CB0-A3EA-D61D278F3272}"
EndProject
Project("{FAE04EC0-301F-11D3-BF4B-00C04F79EFBC}") = "Database", "Database\Database.csproj", "{31DA7D18-9E13-40EA-9D4A-F45635AE1124}"
EndProject
Project("{FAE04EC0-301F-11D3-BF4B-00C04F79EFBC}") = "BusinessLogic", "BusinessLogic\BusinessLogic.csproj", "{E59BFBCD-6356-401A-967F-705030B5E2E1}"
EndProject
Project("{FAE04EC0-301F-11D3-BF4B-00C04F79EFBC}") = "Controller", "Controller\Controller.csproj", "{CF688A0B-6653-4CDD-91A0-E868013852C1}"
EndProject
Project("{FAE04EC0-301F-11D3-BF4B-00C04F79EFBC}") = "Web.Tests", "Web.Tests\Web.Tests.csproj", "{0A94F1DE-7063-4D35-A7C9-70E02A14DFE4}"
EndProject
Project("{FAE04EC0-301F-11D3-BF4B-00C04F79EFBC}") = "BusinessLogic.Tests", "BusinessLogic.Tests\BusinessLogic.Tests.csproj", "{DC5CB84C-7CA0-4A18-8442-BAFA7BA526AE}"
EndProject
Project("{FAE04EC0-301F-11D3-BF4B-00C04F79EFBC}") = "Controller.Tests", "Controller.Tests\Controller.Tests.csproj", "{4E176DC3-605F-488C-9228-1BAAB40D7674}"
EndProject
Project("{FAE04EC0-301F-11D3-BF4B-00C04F79EFBC}") = "StringResources", "StringResources\StringResources.csproj", "{ECD2647A-94CB-4534-82E2-2BBAA0E69AB3}"
EndProject
Global
	GlobalSection(SolutionConfigurationPlatforms) = preSolution
		Debug|Any CPU = Debug|Any CPU
		Release|Any CPU = Release|Any CPU
	EndGlobalSection
	GlobalSection(ProjectConfigurationPlatforms) = postSolution
		{A9D298A5-A171-4CB0-A3EA-D61D278F3272}.Debug|Any CPU.ActiveCfg = Debug|Any CPU
		{A9D298A5-A171-4CB0-A3EA-D61D278F3272}.Debug|Any CPU.Build.0 = Debug|Any CPU
		{A9D298A5-A171-4CB0-A3EA-D61D278F3272}.Release|Any CPU.ActiveCfg = Release|Any CPU
		{A9D298A5-A171-4CB0-A3EA-D61D278F3272}.Release|Any CPU.Build.0 = Release|Any CPU
		{31DA7D18-9E13-40EA-9D4A-F45635AE1124}.Debug|Any CPU.ActiveCfg = Debug|Any CPU
		{31DA7D18-9E13-40EA-9D4A-F45635AE1124}.Debug|Any CPU.Build.0 = Debug|Any CPU
		{31DA7D18-9E13-40EA-9D4A-F45635AE1124}.Release|Any CPU.ActiveCfg = Release|Any CPU
		{31DA7D18-9E13-40EA-9D4A-F45635AE1124}.Release|Any CPU.Build.0 = Release|Any CPU
		{E59BFBCD-6356-401A-967F-705030B5E2E1}.Debug|Any CPU.ActiveCfg = Debug|Any CPU
		{E59BFBCD-6356-401A-967F-705030B5E2E1}.Debug|Any CPU.Build.0 = Debug|Any CPU
		{E59BFBCD-6356-401A-967F-705030B5E2E1}.Release|Any CPU.ActiveCfg = Release|Any CPU
		{E59BFBCD-6356-401A-967F-705030B5E2E1}.Release|Any CPU.Build.0 = Release|Any CPU
		{CF688A0B-6653-4CDD-91A0-E868013852C1}.Debug|Any CPU.ActiveCfg = Debug|Any CPU
		{CF688A0B-6653-4CDD-91A0-E868013852C1}.Debug|Any CPU.Build.0 = Debug|Any CPU
		{CF688A0B-6653-4CDD-91A0-E868013852C1}.Release|Any CPU.ActiveCfg = Release|Any CPU
		{CF688A0B-6653-4CDD-91A0-E868013852C1}.Release|Any CPU.Build.0 = Release|Any CPU
		{0A94F1DE-7063-4D35-A7C9-70E02A14DFE4}.Debug|Any CPU.ActiveCfg = Debug|Any CPU
		{0A94F1DE-7063-4D35-A7C9-70E02A14DFE4}.Debug|Any CPU.Build.0 = Debug|Any CPU
		{0A94F1DE-7063-4D35-A7C9-70E02A14DFE4}.Release|Any CPU.ActiveCfg = Release|Any CPU
		{0A94F1DE-7063-4D35-A7C9-70E02A14DFE4}.Release|Any CPU.Build.0 = Release|Any CPU
		{DC5CB84C-7CA0-4A18-8442-BAFA7BA526AE}.Debug|Any CPU.ActiveCfg = Debug|Any CPU
		{DC5CB84C-7CA0-4A18-8442-BAFA7BA526AE}.Debug|Any CPU.Build.0 = Debug|Any CPU
		{DC5CB84C-7CA0-4A18-8442-BAFA7BA526AE}.Release|Any CPU.ActiveCfg = Release|Any CPU
		{DC5CB84C-7CA0-4A18-8442-BAFA7BA526AE}.Release|Any CPU.Build.0 = Release|Any CPU
		{4E176DC3-605F-488C-9228-1BAAB40D7674}.Debug|Any CPU.ActiveCfg = Debug|Any CPU
		{4E176DC3-605F-488C-9228-1BAAB40D7674}.Debug|Any CPU.Build.0 = Debug|Any CPU
		{4E176DC3-605F-488C-9228-1BAAB40D7674}.Release|Any CPU.ActiveCfg = Release|Any CPU
		{4E176DC3-605F-488C-9228-1BAAB40D7674}.Release|Any CPU.Build.0 = Release|Any CPU
		{ECD2647A-94CB-4534-82E2-2BBAA0E69AB3}.Debug|Any CPU.ActiveCfg = Debug|Any CPU
		{ECD2647A-94CB-4534-82E2-2BBAA0E69AB3}.Debug|Any CPU.Build.0 = Debug|Any CPU
		{ECD2647A-94CB-4534-82E2-2BBAA0E69AB3}.Release|Any CPU.ActiveCfg = Release|Any CPU
		{ECD2647A-94CB-4534-82E2-2BBAA0E69AB3}.Release|Any CPU.Build.0 = Release|Any CPU
	EndGlobalSection
	GlobalSection(SolutionProperties) = preSolution
		HideSolutionNode = FALSE
	EndGlobalSection
EndGlobal
